// !$*UTF8*$!
{
	archiveVersion = 1;
	classes = {
	};
	objectVersion = 55;
	objects = {

/* Begin PBXBuildFile section */
		996FA58828BD0FB9001227D4 /* AppDelegate.swift in Sources */ = {isa = PBXBuildFile; fileRef = 996FA58728BD0FB9001227D4 /* AppDelegate.swift */; };
		996FA58A28BD0FB9001227D4 /* SceneDelegate.swift in Sources */ = {isa = PBXBuildFile; fileRef = 996FA58928BD0FB9001227D4 /* SceneDelegate.swift */; };
		996FA58F28BD0FB9001227D4 /* Main.storyboard in Resources */ = {isa = PBXBuildFile; fileRef = 996FA58D28BD0FB9001227D4 /* Main.storyboard */; };
		996FA59428BD0FBB001227D4 /* Assets.xcassets in Resources */ = {isa = PBXBuildFile; fileRef = 996FA59328BD0FBB001227D4 /* Assets.xcassets */; };
		996FA59728BD0FBB001227D4 /* LaunchScreen.storyboard in Resources */ = {isa = PBXBuildFile; fileRef = 996FA59528BD0FBB001227D4 /* LaunchScreen.storyboard */; };
		996FA5AB28BD16A3001227D4 /* Reсipe.swift in Sources */ = {isa = PBXBuildFile; fileRef = 996FA5AA28BD16A3001227D4 /* Reсipe.swift */; };
		996FA5B028BF7BBE001227D4 /* AlertController.swift in Sources */ = {isa = PBXBuildFile; fileRef = 996FA5AF28BF7BBE001227D4 /* AlertController.swift */; };
		996FA5BD28C11BB2001227D4 /* RecipeData.swift in Sources */ = {isa = PBXBuildFile; fileRef = 996FA5BC28C11BB2001227D4 /* RecipeData.swift */; };
		996FA5C128C14D10001227D4 /* FullRecipeViewController.swift in Sources */ = {isa = PBXBuildFile; fileRef = 996FA5C028C14D10001227D4 /* FullRecipeViewController.swift */; };
		996FA5C328C253B0001227D4 /* RecipeTVController.swift in Sources */ = {isa = PBXBuildFile; fileRef = 996FA5C228C253AF001227D4 /* RecipeTVController.swift */; };
/* End PBXBuildFile section */

/* Begin PBXFileReference section */
		996FA58428BD0FB9001227D4 /* GotovHere.app */ = {isa = PBXFileReference; explicitFileType = wrapper.application; includeInIndex = 0; path = GotovHere.app; sourceTree = BUILT_PRODUCTS_DIR; };
		996FA58728BD0FB9001227D4 /* AppDelegate.swift */ = {isa = PBXFileReference; lastKnownFileType = sourcecode.swift; path = AppDelegate.swift; sourceTree = "<group>"; };
		996FA58928BD0FB9001227D4 /* SceneDelegate.swift */ = {isa = PBXFileReference; lastKnownFileType = sourcecode.swift; path = SceneDelegate.swift; sourceTree = "<group>"; };
		996FA58E28BD0FB9001227D4 /* Base */ = {isa = PBXFileReference; lastKnownFileType = file.storyboard; name = Base; path = Base.lproj/Main.storyboard; sourceTree = "<group>"; };
		996FA59328BD0FBB001227D4 /* Assets.xcassets */ = {isa = PBXFileReference; lastKnownFileType = folder.assetcatalog; path = Assets.xcassets; sourceTree = "<group>"; };
		996FA59628BD0FBB001227D4 /* Base */ = {isa = PBXFileReference; lastKnownFileType = file.storyboard; name = Base; path = Base.lproj/LaunchScreen.storyboard; sourceTree = "<group>"; };
		996FA59828BD0FBB001227D4 /* Info.plist */ = {isa = PBXFileReference; lastKnownFileType = text.plist.xml; path = Info.plist; sourceTree = "<group>"; };
		996FA5AA28BD16A3001227D4 /* Reсipe.swift */ = {isa = PBXFileReference; lastKnownFileType = sourcecode.swift; path = "Reсipe.swift"; sourceTree = "<group>"; };
		996FA5AF28BF7BBE001227D4 /* AlertController.swift */ = {isa = PBXFileReference; lastKnownFileType = sourcecode.swift; path = AlertController.swift; sourceTree = "<group>"; };
		996FA5BC28C11BB2001227D4 /* RecipeData.swift */ = {isa = PBXFileReference; lastKnownFileType = sourcecode.swift; path = RecipeData.swift; sourceTree = "<group>"; };
		996FA5C028C14D10001227D4 /* FullRecipeViewController.swift */ = {isa = PBXFileReference; lastKnownFileType = sourcecode.swift; path = FullRecipeViewController.swift; sourceTree = "<group>"; };
		996FA5C228C253AF001227D4 /* RecipeTVController.swift */ = {isa = PBXFileReference; lastKnownFileType = sourcecode.swift; path = RecipeTVController.swift; sourceTree = "<group>"; };
/* End PBXFileReference section */

/* Begin PBXFrameworksBuildPhase section */
		996FA58128BD0FB9001227D4 /* Frameworks */ = {
			isa = PBXFrameworksBuildPhase;
			buildActionMask = 2147483647;
			files = (
			);
			runOnlyForDeploymentPostprocessing = 0;
		};
/* End PBXFrameworksBuildPhase section */

/* Begin PBXGroup section */
		996FA57B28BD0FB9001227D4 = {
			isa = PBXGroup;
			children = (
				996FA58628BD0FB9001227D4 /* GotovHere */,
				996FA58528BD0FB9001227D4 /* Products */,
			);
			sourceTree = "<group>";
		};
		996FA58528BD0FB9001227D4 /* Products */ = {
			isa = PBXGroup;
			children = (
				996FA58428BD0FB9001227D4 /* GotovHere.app */,
			);
			name = Products;
			sourceTree = "<group>";
		};
		996FA58628BD0FB9001227D4 /* GotovHere */ = {
			isa = PBXGroup;
			children = (
				996FA5BB28C11B9A001227D4 /* DataSourse */,
				996FA5AE28BF7B5E001227D4 /* AlertController */,
				996FA5A928BD1689001227D4 /* Models */,
				996FA59E28BD0FE2001227D4 /* App */,
				996FA59F28BD1005001227D4 /* ViewControllers */,
				996FA5A028BD100F001227D4 /* Storyboards */,
				996FA5A128BD101F001227D4 /* Resourses */,
			);
			path = GotovHere;
			sourceTree = "<group>";
		};
		996FA59E28BD0FE2001227D4 /* App */ = {
			isa = PBXGroup;
			children = (
				996FA58728BD0FB9001227D4 /* AppDelegate.swift */,
				996FA59828BD0FBB001227D4 /* Info.plist */,
				996FA58928BD0FB9001227D4 /* SceneDelegate.swift */,
			);
			path = App;
			sourceTree = "<group>";
		};
		996FA59F28BD1005001227D4 /* ViewControllers */ = {
			isa = PBXGroup;
			children = (
				996FA5C228C253AF001227D4 /* RecipeTVController.swift */,
				996FA5C028C14D10001227D4 /* FullRecipeViewController.swift */,
			);
			path = ViewControllers;
			sourceTree = "<group>";
		};
		996FA5A028BD100F001227D4 /* Storyboards */ = {
			isa = PBXGroup;
			children = (
				996FA58D28BD0FB9001227D4 /* Main.storyboard */,
				996FA59528BD0FBB001227D4 /* LaunchScreen.storyboard */,
			);
			path = Storyboards;
			sourceTree = "<group>";
		};
		996FA5A128BD101F001227D4 /* Resourses */ = {
			isa = PBXGroup;
			children = (
				996FA59328BD0FBB001227D4 /* Assets.xcassets */,
			);
			path = Resourses;
			sourceTree = "<group>";
		};
		996FA5A928BD1689001227D4 /* Models */ = {
			isa = PBXGroup;
			children = (
				996FA5AA28BD16A3001227D4 /* Reсipe.swift */,
			);
			path = Models;
			sourceTree = "<group>";
		};
		996FA5AE28BF7B5E001227D4 /* AlertController */ = {
			isa = PBXGroup;
			children = (
				996FA5AF28BF7BBE001227D4 /* AlertController.swift */,
			);
			path = AlertController;
			sourceTree = "<group>";
		};
		996FA5BB28C11B9A001227D4 /* DataSourse */ = {
			isa = PBXGroup;
			children = (
				996FA5BC28C11BB2001227D4 /* RecipeData.swift */,
			);
			path = DataSourse;
			sourceTree = "<group>";
		};
/* End PBXGroup section */

/* Begin PBXNativeTarget section */
		996FA58328BD0FB9001227D4 /* GotovHere */ = {
			isa = PBXNativeTarget;
			buildConfigurationList = 996FA59B28BD0FBB001227D4 /* Build configuration list for PBXNativeTarget "GotovHere" */;
			buildPhases = (
				996FA58028BD0FB9001227D4 /* Sources */,
				996FA58128BD0FB9001227D4 /* Frameworks */,
				996FA58228BD0FB9001227D4 /* Resources */,
			);
			buildRules = (
			);
			dependencies = (
			);
			name = GotovHere;
			productName = GotovHere;
			productReference = 996FA58428BD0FB9001227D4 /* GotovHere.app */;
			productType = "com.apple.product-type.application";
		};
/* End PBXNativeTarget section */

/* Begin PBXProject section */
		996FA57C28BD0FB9001227D4 /* Project object */ = {
			isa = PBXProject;
			attributes = {
				BuildIndependentTargetsInParallel = 1;
				LastSwiftUpdateCheck = 1340;
				LastUpgradeCheck = 1340;
				TargetAttributes = {
					996FA58328BD0FB9001227D4 = {
						CreatedOnToolsVersion = 13.4.1;
					};
				};
			};
			buildConfigurationList = 996FA57F28BD0FB9001227D4 /* Build configuration list for PBXProject "GotovHere" */;
			compatibilityVersion = "Xcode 13.0";
			developmentRegion = en;
			hasScannedForEncodings = 0;
			knownRegions = (
				en,
				Base,
			);
			mainGroup = 996FA57B28BD0FB9001227D4;
			productRefGroup = 996FA58528BD0FB9001227D4 /* Products */;
			projectDirPath = "";
			projectRoot = "";
			targets = (
				996FA58328BD0FB9001227D4 /* GotovHere */,
			);
		};
/* End PBXProject section */

/* Begin PBXResourcesBuildPhase section */
		996FA58228BD0FB9001227D4 /* Resources */ = {
			isa = PBXResourcesBuildPhase;
			buildActionMask = 2147483647;
			files = (
				996FA59728BD0FBB001227D4 /* LaunchScreen.storyboard in Resources */,
				996FA59428BD0FBB001227D4 /* Assets.xcassets in Resources */,
				996FA58F28BD0FB9001227D4 /* Main.storyboard in Resources */,
			);
			runOnlyForDeploymentPostprocessing = 0;
		};
/* End PBXResourcesBuildPhase section */

/* Begin PBXSourcesBuildPhase section */
		996FA58028BD0FB9001227D4 /* Sources */ = {
			isa = PBXSourcesBuildPhase;
			buildActionMask = 2147483647;
			files = (
				996FA5C328C253B0001227D4 /* RecipeTVController.swift in Sources */,
				996FA5C128C14D10001227D4 /* FullRecipeViewController.swift in Sources */,
				996FA58828BD0FB9001227D4 /* AppDelegate.swift in Sources */,
				996FA5B028BF7BBE001227D4 /* AlertController.swift in Sources */,
				996FA58A28BD0FB9001227D4 /* SceneDelegate.swift in Sources */,
				996FA5AB28BD16A3001227D4 /* Reсipe.swift in Sources */,
				996FA5BD28C11BB2001227D4 /* RecipeData.swift in Sources */,
			);
			runOnlyForDeploymentPostprocessing = 0;
		};
/* End PBXSourcesBuildPhase section */

/* Begin PBXVariantGroup section */
		996FA58D28BD0FB9001227D4 /* Main.storyboard */ = {
			isa = PBXVariantGroup;
			children = (
				996FA58E28BD0FB9001227D4 /* Base */,
			);
			name = Main.storyboard;
			sourceTree = "<group>";
		};
		996FA59528BD0FBB001227D4 /* LaunchScreen.storyboard */ = {
			isa = PBXVariantGroup;
			children = (
				996FA59628BD0FBB001227D4 /* Base */,
			);
			name = LaunchScreen.storyboard;
			sourceTree = "<group>";
		};
/* End PBXVariantGroup section */

/* Begin XCBuildConfiguration section */
		996FA59928BD0FBB001227D4 /* Debug */ = {
			isa = XCBuildConfiguration;
			buildSettings = {
				ALWAYS_SEARCH_USER_PATHS = NO;
				CLANG_ANALYZER_NONNULL = YES;
				CLANG_ANALYZER_NUMBER_OBJECT_CONVERSION = YES_AGGRESSIVE;
				CLANG_CXX_LANGUAGE_STANDARD = "gnu++17";
				CLANG_ENABLE_MODULES = YES;
				CLANG_ENABLE_OBJC_ARC = YES;
				CLANG_ENABLE_OBJC_WEAK = YES;
				CLANG_WARN_BLOCK_CAPTURE_AUTORELEASING = YES;
				CLANG_WARN_BOOL_CONVERSION = YES;
				CLANG_WARN_COMMA = YES;
				CLANG_WARN_CONSTANT_CONVERSION = YES;
				CLANG_WARN_DEPRECATED_OBJC_IMPLEMENTATIONS = YES;
				CLANG_WARN_DIRECT_OBJC_ISA_USAGE = YES_ERROR;
				CLANG_WARN_DOCUMENTATION_COMMENTS = YES;
				CLANG_WARN_EMPTY_BODY = YES;
				CLANG_WARN_ENUM_CONVERSION = YES;
				CLANG_WARN_INFINITE_RECURSION = YES;
				CLANG_WARN_INT_CONVERSION = YES;
				CLANG_WARN_NON_LITERAL_NULL_CONVERSION = YES;
				CLANG_WARN_OBJC_IMPLICIT_RETAIN_SELF = YES;
				CLANG_WARN_OBJC_LITERAL_CONVERSION = YES;
				CLANG_WARN_OBJC_ROOT_CLASS = YES_ERROR;
				CLANG_WARN_QUOTED_INCLUDE_IN_FRAMEWORK_HEADER = YES;
				CLANG_WARN_RANGE_LOOP_ANALYSIS = YES;
				CLANG_WARN_STRICT_PROTOTYPES = YES;
				CLANG_WARN_SUSPICIOUS_MOVE = YES;
				CLANG_WARN_UNGUARDED_AVAILABILITY = YES_AGGRESSIVE;
				CLANG_WARN_UNREACHABLE_CODE = YES;
				CLANG_WARN__DUPLICATE_METHOD_MATCH = YES;
				COPY_PHASE_STRIP = NO;
				DEBUG_INFORMATION_FORMAT = dwarf;
				ENABLE_STRICT_OBJC_MSGSEND = YES;
				ENABLE_TESTABILITY = YES;
				GCC_C_LANGUAGE_STANDARD = gnu11;
				GCC_DYNAMIC_NO_PIC = NO;
				GCC_NO_COMMON_BLOCKS = YES;
				GCC_OPTIMIZATION_LEVEL = 0;
				GCC_PREPROCESSOR_DEFINITIONS = (
					"DEBUG=1",
					"$(inherited)",
				);
				GCC_WARN_64_TO_32_BIT_CONVERSION = YES;
				GCC_WARN_ABOUT_RETURN_TYPE = YES_ERROR;
				GCC_WARN_UNDECLARED_SELECTOR = YES;
				GCC_WARN_UNINITIALIZED_AUTOS = YES_AGGRESSIVE;
				GCC_WARN_UNUSED_FUNCTION = YES;
				GCC_WARN_UNUSED_VARIABLE = YES;
				IPHONEOS_DEPLOYMENT_TARGET = 15.5;
				MTL_ENABLE_DEBUG_INFO = INCLUDE_SOURCE;
				MTL_FAST_MATH = YES;
				ONLY_ACTIVE_ARCH = YES;
				SDKROOT = iphoneos;
				SWIFT_ACTIVE_COMPILATION_CONDITIONS = DEBUG;
				SWIFT_OPTIMIZATION_LEVEL = "-Onone";
			};
			name = Debug;
		};
		996FA59A28BD0FBB001227D4 /* Release */ = {
			isa = XCBuildConfiguration;
			buildSettings = {
				ALWAYS_SEARCH_USER_PATHS = NO;
				CLANG_ANALYZER_NONNULL = YES;
				CLANG_ANALYZER_NUMBER_OBJECT_CONVERSION = YES_AGGRESSIVE;
				CLANG_CXX_LANGUAGE_STANDARD = "gnu++17";
				CLANG_ENABLE_MODULES = YES;
				CLANG_ENABLE_OBJC_ARC = YES;
				CLANG_ENABLE_OBJC_WEAK = YES;
				CLANG_WARN_BLOCK_CAPTURE_AUTORELEASING = YES;
				CLANG_WARN_BOOL_CONVERSION = YES;
				CLANG_WARN_COMMA = YES;
				CLANG_WARN_CONSTANT_CONVERSION = YES;
				CLANG_WARN_DEPRECATED_OBJC_IMPLEMENTATIONS = YES;
				CLANG_WARN_DIRECT_OBJC_ISA_USAGE = YES_ERROR;
				CLANG_WARN_DOCUMENTATION_COMMENTS = YES;
				CLANG_WARN_EMPTY_BODY = YES;
				CLANG_WARN_ENUM_CONVERSION = YES;
				CLANG_WARN_INFINITE_RECURSION = YES;
				CLANG_WARN_INT_CONVERSION = YES;
				CLANG_WARN_NON_LITERAL_NULL_CONVERSION = YES;
				CLANG_WARN_OBJC_IMPLICIT_RETAIN_SELF = YES;
				CLANG_WARN_OBJC_LITERAL_CONVERSION = YES;
				CLANG_WARN_OBJC_ROOT_CLASS = YES_ERROR;
				CLANG_WARN_QUOTED_INCLUDE_IN_FRAMEWORK_HEADER = YES;
				CLANG_WARN_RANGE_LOOP_ANALYSIS = YES;
				CLANG_WARN_STRICT_PROTOTYPES = YES;
				CLANG_WARN_SUSPICIOUS_MOVE = YES;
				CLANG_WARN_UNGUARDED_AVAILABILITY = YES_AGGRESSIVE;
				CLANG_WARN_UNREACHABLE_CODE = YES;
				CLANG_WARN__DUPLICATE_METHOD_MATCH = YES;
				COPY_PHASE_STRIP = NO;
				DEBUG_INFORMATION_FORMAT = "dwarf-with-dsym";
				ENABLE_NS_ASSERTIONS = NO;
				ENABLE_STRICT_OBJC_MSGSEND = YES;
				GCC_C_LANGUAGE_STANDARD = gnu11;
				GCC_NO_COMMON_BLOCKS = YES;
				GCC_WARN_64_TO_32_BIT_CONVERSION = YES;
				GCC_WARN_ABOUT_RETURN_TYPE = YES_ERROR;
				GCC_WARN_UNDECLARED_SELECTOR = YES;
				GCC_WARN_UNINITIALIZED_AUTOS = YES_AGGRESSIVE;
				GCC_WARN_UNUSED_FUNCTION = YES;
				GCC_WARN_UNUSED_VARIABLE = YES;
				IPHONEOS_DEPLOYMENT_TARGET = 15.5;
				MTL_ENABLE_DEBUG_INFO = NO;
				MTL_FAST_MATH = YES;
				SDKROOT = iphoneos;
				SWIFT_COMPILATION_MODE = wholemodule;
				SWIFT_OPTIMIZATION_LEVEL = "-O";
				VALIDATE_PRODUCT = YES;
			};
			name = Release;
		};
		996FA59C28BD0FBB001227D4 /* Debug */ = {
			isa = XCBuildConfiguration;
			buildSettings = {
				ASSETCATALOG_COMPILER_APPICON_NAME = AppIcon;
				ASSETCATALOG_COMPILER_GLOBAL_ACCENT_COLOR_NAME = AccentColor;
				CODE_SIGN_STYLE = Automatic;
				CURRENT_PROJECT_VERSION = 1;
				DEVELOPMENT_TEAM = 7FW6LGZVFW;
				GENERATE_INFOPLIST_FILE = YES;
				INFOPLIST_FILE = GotovHere/App/Info.plist;
				INFOPLIST_KEY_UIApplicationSupportsIndirectInputEvents = YES;
				INFOPLIST_KEY_UILaunchStoryboardName = LaunchScreen;
				INFOPLIST_KEY_UIMainStoryboardFile = Main;
				INFOPLIST_KEY_UISupportedInterfaceOrientations_iPad = "UIInterfaceOrientationPortrait UIInterfaceOrientationPortraitUpsideDown UIInterfaceOrientationLandscapeLeft UIInterfaceOrientationLandscapeRight";
				INFOPLIST_KEY_UISupportedInterfaceOrientations_iPhone = "UIInterfaceOrientationPortrait UIInterfaceOrientationLandscapeLeft UIInterfaceOrientationLandscapeRight";
				LD_RUNPATH_SEARCH_PATHS = (
					"$(inherited)",
					"@executable_path/Frameworks",
				);
				MARKETING_VERSION = 1.0;
				PRODUCT_BUNDLE_IDENTIFIER = "Daniil-Lebedev.GotovHere";
				PRODUCT_NAME = "$(TARGET_NAME)";
				SWIFT_EMIT_LOC_STRINGS = YES;
				SWIFT_VERSION = 5.0;
				TARGETED_DEVICE_FAMILY = "1,2";
			};
			name = Debug;
		};
		996FA59D28BD0FBB001227D4 /* Release */ = {
			isa = XCBuildConfiguration;
			buildSettings = {
				ASSETCATALOG_COMPILER_APPICON_NAME = AppIcon;
				ASSETCATALOG_COMPILER_GLOBAL_ACCENT_COLOR_NAME = AccentColor;
				CODE_SIGN_STYLE = Automatic;
				CURRENT_PROJECT_VERSION = 1;
				DEVELOPMENT_TEAM = 7FW6LGZVFW;
				GENERATE_INFOPLIST_FILE = YES;
				INFOPLIST_FILE = GotovHere/App/Info.plist;
				INFOPLIST_KEY_UIApplicationSupportsIndirectInputEvents = YES;
				INFOPLIST_KEY_UILaunchStoryboardName = LaunchScreen;
				INFOPLIST_KEY_UIMainStoryboardFile = Main;
				INFOPLIST_KEY_UISupportedInterfaceOrientations_iPad = "UIInterfaceOrientationPortrait UIInterfaceOrientationPortraitUpsideDown UIInterfaceOrientationLandscapeLeft UIInterfaceOrientationLandscapeRight";
				INFOPLIST_KEY_UISupportedInterfaceOrientations_iPhone = "UIInterfaceOrientationPortrait UIInterfaceOrientationLandscapeLeft UIInterfaceOrientationLandscapeRight";
				LD_RUNPATH_SEARCH_PATHS = (
					"$(inherited)",
					"@executable_path/Frameworks",
				);
				MARKETING_VERSION = 1.0;
				PRODUCT_BUNDLE_IDENTIFIER = "Daniil-Lebedev.GotovHere";
				PRODUCT_NAME = "$(TARGET_NAME)";
				SWIFT_EMIT_LOC_STRINGS = YES;
				SWIFT_VERSION = 5.0;
				TARGETED_DEVICE_FAMILY = "1,2";
			};
			name = Release;
		};
/* End XCBuildConfiguration section */

/* Begin XCConfigurationList section */
		996FA57F28BD0FB9001227D4 /* Build configuration list for PBXProject "GotovHere" */ = {
			isa = XCConfigurationList;
			buildConfigurations = (
				996FA59928BD0FBB001227D4 /* Debug */,
				996FA59A28BD0FBB001227D4 /* Release */,
			);
			defaultConfigurationIsVisible = 0;
			defaultConfigurationName = Release;
		};
		996FA59B28BD0FBB001227D4 /* Build configuration list for PBXNativeTarget "GotovHere" */ = {
			isa = XCConfigurationList;
			buildConfigurations = (
				996FA59C28BD0FBB001227D4 /* Debug */,
				996FA59D28BD0FBB001227D4 /* Release */,
			);
			defaultConfigurationIsVisible = 0;
			defaultConfigurationName = Release;
		};
/* End XCConfigurationList section */
	};
	rootObject = 996FA57C28BD0FB9001227D4 /* Project object */;
}
